{
  "name": "pix",
  "lockfileVersion": 2,
  "requires": true,
  "packages": {
    "": {
      "dependencies": {
        "click-outside-vue3": "^4.0.1"
      }
    },
    "node_modules/click-outside-vue3": {
      "version": "4.0.1",
      "resolved": "https://registry.npmjs.org/click-outside-vue3/-/click-outside-vue3-4.0.1.tgz",
      "integrity": "sha512-sbplNecrup5oGqA3o4bo8XmvHRT6q9fvw21Z67aDbTqB9M6LF7CuYLTlLvNtOgKU6W3zst5H5zJuEh4auqA34g==",
      "engines": {
        "node": ">=6"
      }
    }
  },
  "dependencies": {
    "click-outside-vue3": {
      "version": "4.0.1",
      "resolved": "https://registry.npmjs.org/click-outside-vue3/-/click-outside-vue3-4.0.1.tgz",
      "integrity": "sha512-sbplNecrup5oGqA3o4bo8XmvHRT6q9fvw21Z67aDbTqB9M6LF7CuYLTlLvNtOgKU6W3zst5H5zJuEh4auqA34g=="
    }
  }
}
